
Microsoft Visual Studio Solution File, Format Version 12.00
# Visual Studio Version 16
VisualStudioVersion = 16.0.31729.503
MinimumVisualStudioVersion = 10.0.40219.1
Project("{2150E333-8FDC-42A3-9474-1A3956D46DE8}") = "Services", "Services", "{41A6DA93-FDE2-4BDF-A64B-F26D3917AF72}"
EndProject
Project("{2150E333-8FDC-42A3-9474-1A3956D46DE8}") = "Catalog", "Catalog", "{88870CF1-B4AB-46C5-960D-F2A891C519AF}"
EndProject
Project("{9A19103F-16F7-4668-BE54-9A1E7A4F7556}") = "Catalog.API", "Services\Catalog\Catalog.API\Catalog.API.csproj", "{AA7E60CD-9937-4094-865E-D61706E7E041}"
EndProject
Project("{E53339B2-1760-4266-BCC7-CA923CBCF16C}") = "docker-compose", "docker-compose.dcproj", "{9283536F-B35F-4138-8259-CAF91EFE051F}"
EndProject
Project("{2150E333-8FDC-42A3-9474-1A3956D46DE8}") = "Basket", "Basket", "{57C7934A-861D-4642-A145-DD7DBB5ABBFB}"
EndProject
Project("{9A19103F-16F7-4668-BE54-9A1E7A4F7556}") = "Basket.API", "Services\Basket\Basket.API\Basket.API.csproj", "{11EC0AFD-8D3C-4A1D-BDE3-49F7E3E684C4}"
EndProject
Project("{2150E333-8FDC-42A3-9474-1A3956D46DE8}") = "NewFolder1", "NewFolder1", "{0424193D-5A4A-49C1-9699-476D5DBECF32}"
EndProject
Global
	GlobalSection(SolutionConfigurationPlatforms) = preSolution
		Debug|Any CPU = Debug|Any CPU
		Release|Any CPU = Release|Any CPU
	EndGlobalSection
	GlobalSection(ProjectConfigurationPlatforms) = postSolution
		{AA7E60CD-9937-4094-865E-D61706E7E041}.Debug|Any CPU.ActiveCfg = Debug|Any CPU
		{AA7E60CD-9937-4094-865E-D61706E7E041}.Debug|Any CPU.Build.0 = Debug|Any CPU
		{AA7E60CD-9937-4094-865E-D61706E7E041}.Release|Any CPU.ActiveCfg = Release|Any CPU
		{AA7E60CD-9937-4094-865E-D61706E7E041}.Release|Any CPU.Build.0 = Release|Any CPU
		{9283536F-B35F-4138-8259-CAF91EFE051F}.Debug|Any CPU.ActiveCfg = Debug|Any CPU
		{9283536F-B35F-4138-8259-CAF91EFE051F}.Debug|Any CPU.Build.0 = Debug|Any CPU
		{9283536F-B35F-4138-8259-CAF91EFE051F}.Release|Any CPU.ActiveCfg = Release|Any CPU
		{9283536F-B35F-4138-8259-CAF91EFE051F}.Release|Any CPU.Build.0 = Release|Any CPU
		{11EC0AFD-8D3C-4A1D-BDE3-49F7E3E684C4}.Debug|Any CPU.ActiveCfg = Debug|Any CPU
		{11EC0AFD-8D3C-4A1D-BDE3-49F7E3E684C4}.Debug|Any CPU.Build.0 = Debug|Any CPU
		{11EC0AFD-8D3C-4A1D-BDE3-49F7E3E684C4}.Release|Any CPU.ActiveCfg = Release|Any CPU
		{11EC0AFD-8D3C-4A1D-BDE3-49F7E3E684C4}.Release|Any CPU.Build.0 = Release|Any CPU
	EndGlobalSection
	GlobalSection(SolutionProperties) = preSolution
		HideSolutionNode = FALSE
	EndGlobalSection
	GlobalSection(NestedProjects) = preSolution
		{88870CF1-B4AB-46C5-960D-F2A891C519AF} = {41A6DA93-FDE2-4BDF-A64B-F26D3917AF72}
		{AA7E60CD-9937-4094-865E-D61706E7E041} = {88870CF1-B4AB-46C5-960D-F2A891C519AF}
		{57C7934A-861D-4642-A145-DD7DBB5ABBFB} = {41A6DA93-FDE2-4BDF-A64B-F26D3917AF72}
		{11EC0AFD-8D3C-4A1D-BDE3-49F7E3E684C4} = {57C7934A-861D-4642-A145-DD7DBB5ABBFB}
		{0424193D-5A4A-49C1-9699-476D5DBECF32} = {41A6DA93-FDE2-4BDF-A64B-F26D3917AF72}
	EndGlobalSection
	GlobalSection(ExtensibilityGlobals) = postSolution
		SolutionGuid = {CF0C5C67-BBC1-4FC2-A54D-9044FBC7E74B}
	EndGlobalSection
EndGlobal
